
Microsoft Visual Studio Solution File, Format Version 12.00
# Visual Studio Version 17
VisualStudioVersion = 17.7.34009.444
MinimumVisualStudioVersion = 10.0.40219.1
Project("{FAE04EC0-301F-11D3-BF4B-00C04F79EFBC}") = "IniEditor", "IniEditor.csproj", "{5D858543-CA01-43C7-8CC5-0478BE871385}"
EndProject
Global
	GlobalSection(SolutionConfigurationPlatforms) = preSolution
		Debug|Any CPU = Debug|Any CPU
		Release|Any CPU = Release|Any CPU
	EndGlobalSection
	GlobalSection(ProjectConfigurationPlatforms) = postSolution
		{5D858543-CA01-43C7-8CC5-0478BE871385}.Debug|Any CPU.ActiveCfg = Debug|Any CPU
		{5D858543-CA01-43C7-8CC5-0478BE871385}.Debug|Any CPU.Build.0 = Debug|Any CPU
		{5D858543-CA01-43C7-8CC5-0478BE871385}.Release|Any CPU.ActiveCfg = Release|Any CPU
		{5D858543-CA01-43C7-8CC5-0478BE871385}.Release|Any CPU.Build.0 = Release|Any CPU
	EndGlobalSection
	GlobalSection(SolutionProperties) = preSolution
		HideSolutionNode = FALSE
	EndGlobalSection
	GlobalSection(ExtensibilityGlobals) = postSolution
		SolutionGuid = {DB27558B-94B0-455A-A365-E8046408DA98}
	EndGlobalSection
EndGlobal
